
Microsoft Visual Studio Solution File, Format Version 12.00
# Visual Studio Version 17
VisualStudioVersion = 17.8.34330.188
MinimumVisualStudioVersion = 10.0.40219.1
Project("{FAE04EC0-301F-11D3-BF4B-00C04F79EFBC}") = "Croutons Dialogue Simulator", "Croutons Dialogue Simulator.csproj", "{7AB1E065-E3D2-4311-8EDA-437645EC8C83}"
EndProject
Global
	GlobalSection(SolutionConfigurationPlatforms) = preSolution
		Debug|Any CPU = Debug|Any CPU
		Release|Any CPU = Release|Any CPU
	EndGlobalSection
	GlobalSection(ProjectConfigurationPlatforms) = postSolution
		{7AB1E065-E3D2-4311-8EDA-437645EC8C83}.Debug|Any CPU.ActiveCfg = Debug|Any CPU
		{7AB1E065-E3D2-4311-8EDA-437645EC8C83}.Debug|Any CPU.Build.0 = Debug|Any CPU
		{7AB1E065-E3D2-4311-8EDA-437645EC8C83}.Release|Any CPU.ActiveCfg = Release|Any CPU
		{7AB1E065-E3D2-4311-8EDA-437645EC8C83}.Release|Any CPU.Build.0 = Release|Any CPU
	EndGlobalSection
	GlobalSection(SolutionProperties) = preSolution
		HideSolutionNode = FALSE
	EndGlobalSection
	GlobalSection(ExtensibilityGlobals) = postSolution
		SolutionGuid = {2205A3C6-EB0C-4DD4-B439-D6BB35269CCD}
	EndGlobalSection
EndGlobal
